
Microsoft Visual Studio Solution File, Format Version 12.00
# Visual Studio 15
Project("{FAE04EC0-301F-11D3-BF4B-00C04F79EFBC}") = "Unity.Timeline", "Unity.Timeline.csproj", "{832F4A23-A5E5-00D9-7B8A-E348247041EB}"
EndProject
Project("{FAE04EC0-301F-11D3-BF4B-00C04F79EFBC}") = "Unity.Timeline.Editor", "Unity.Timeline.Editor.csproj", "{C3B2A502-053E-4A2B-76C6-9E3DE97BC373}"
EndProject
Project("{FAE04EC0-301F-11D3-BF4B-00C04F79EFBC}") = "Unity.TextMeshPro.Editor", "Unity.TextMeshPro.Editor.csproj", "{2908D8A5-71CD-8E77-8F49-154B7BE9E3D7}"
EndProject
Project("{FAE04EC0-301F-11D3-BF4B-00C04F79EFBC}") = "Unity.Services.Core.Internal", "Unity.Services.Core.Internal.csproj", "{681D304B-30A6-FEF5-0947-A978505F40E2}"
EndProject
Project("{FAE04EC0-301F-11D3-BF4B-00C04F79EFBC}") = "Unity.VisualScripting.Flow", "Unity.VisualScripting.Flow.csproj", "{F5A7052B-BA79-D493-BEFB-AB6EEA199EBB}"
EndProject
Project("{FAE04EC0-301F-11D3-BF4B-00C04F79EFBC}") = "UnityEditor.UI", "UnityEditor.UI.csproj", "{5875781F-08AF-84FB-5BCA-6E64924D3F08}"
EndProject
Project("{FAE04EC0-301F-11D3-BF4B-00C04F79EFBC}") = "Unity.PlasticSCM.Editor", "Unity.PlasticSCM.Editor.csproj", "{07BBA3E7-36BF-2E04-EC97-A282CF1267CA}"
EndProject
Project("{FAE04EC0-301F-11D3-BF4B-00C04F79EFBC}") = "UnityEditor.Purchasing", "UnityEditor.Purchasing.csproj", "{EF69E277-4EB4-0597-D059-761A56F14DE0}"
EndProject
Project("{FAE04EC0-301F-11D3-BF4B-00C04F79EFBC}") = "Unity.VisualScripting.Core", "Unity.VisualScripting.Core.csproj", "{4C8E58F1-A438-A752-9C7A-D728AA2962F6}"
EndProject
Project("{FAE04EC0-301F-11D3-BF4B-00C04F79EFBC}") = "Unity.VisualScripting.Core.Editor", "Unity.VisualScripting.Core.Editor.csproj", "{53A805ED-5AB1-BDDA-6858-564837A4DF0D}"
EndProject
Project("{FAE04EC0-301F-11D3-BF4B-00C04F79EFBC}") = "UnityEngine.Purchasing.Stores", "UnityEngine.Purchasing.Stores.csproj", "{76E9FB4C-C9AC-7CA6-596B-CCBECC63AD25}"
EndProject
Project("{FAE04EC0-301F-11D3-BF4B-00C04F79EFBC}") = "UnityEngine.Purchasing", "UnityEngine.Purchasing.csproj", "{165417C3-5358-25F6-F955-09E6C19465F6}"
EndProject
Project("{FAE04EC0-301F-11D3-BF4B-00C04F79EFBC}") = "Unity.VisualScripting.Flow.Editor", "Unity.VisualScripting.Flow.Editor.csproj", "{02A95770-505A-EF9E-F8AA-E1562881A407}"
EndProject
Project("{FAE04EC0-301F-11D3-BF4B-00C04F79EFBC}") = "UnityEditor.TestRunner", "UnityEditor.TestRunner.csproj", "{49B26FD4-C8A3-DB2D-138F-D65FF650AC57}"
EndProject
Project("{FAE04EC0-301F-11D3-BF4B-00C04F79EFBC}") = "Unity.VisualScripting.SettingsProvider.Editor", "Unity.VisualScripting.SettingsProvider.Editor.csproj", "{BA9FD18A-FC62-D2FC-F19D-1516EE1D48E3}"
EndProject
Project("{FAE04EC0-301F-11D3-BF4B-00C04F79EFBC}") = "UnityEngine.TestRunner", "UnityEngine.TestRunner.csproj", "{2C95D781-3D69-8469-59F4-048D72810E26}"
EndProject
Project("{FAE04EC0-301F-11D3-BF4B-00C04F79EFBC}") = "Unity.Services.Core.Environments.Editor", "Unity.Services.Core.Environments.Editor.csproj", "{9D954D3B-B02D-3E07-38C3-1CA5FB1DF80A}"
EndProject
Project("{FAE04EC0-301F-11D3-BF4B-00C04F79EFBC}") = "Unity.Services.Core.Editor", "Unity.Services.Core.Editor.csproj", "{116E5AEE-B17D-1DD7-042C-666A53AFDE3B}"
EndProject
Project("{FAE04EC0-301F-11D3-BF4B-00C04F79EFBC}") = "Unity.Services.Core", "Unity.Services.Core.csproj", "{667C69FC-7944-AA60-D002-CE68BCC4BB1D}"
EndProject
Project("{FAE04EC0-301F-11D3-BF4B-00C04F79EFBC}") = "UnityEngine.UI", "UnityEngine.UI.csproj", "{AA2E52C8-E34C-5DE6-6523-B657025E29B5}"
EndProject
Project("{FAE04EC0-301F-11D3-BF4B-00C04F79EFBC}") = "Unity.VisualStudio.Editor", "Unity.VisualStudio.Editor.csproj", "{98955F97-E5FC-3D3B-0313-6106A0A85039}"
EndProject
Project("{FAE04EC0-301F-11D3-BF4B-00C04F79EFBC}") = "Assembly-CSharp", "Assembly-CSharp.csproj", "{64E2F6C6-1576-AED7-02C5-6D94F5E99C09}"
EndProject
Project("{FAE04EC0-301F-11D3-BF4B-00C04F79EFBC}") = "Unity.TestTools.CodeCoverage.Editor.OpenCover.Model", "Unity.TestTools.CodeCoverage.Editor.OpenCover.Model.csproj", "{8D878ADA-DD62-83EF-9886-98F1EE70BBE8}"
EndProject
Project("{FAE04EC0-301F-11D3-BF4B-00C04F79EFBC}") = "Unity.Rider.Editor", "Unity.Rider.Editor.csproj", "{24F0D69C-AB48-CB5C-AC5E-45C57779BFF6}"
EndProject
Project("{FAE04EC0-301F-11D3-BF4B-00C04F79EFBC}") = "Unity.Services.Core.Environments.Internal", "Unity.Services.Core.Environments.Internal.csproj", "{CAA085C0-A159-01BB-5F9C-EE251E7A2EA4}"
EndProject
Project("{FAE04EC0-301F-11D3-BF4B-00C04F79EFBC}") = "Unity.Services.Core.Telemetry", "Unity.Services.Core.Telemetry.csproj", "{6AC29C58-D015-2286-6B05-27C503321DFC}"
EndProject
Project("{FAE04EC0-301F-11D3-BF4B-00C04F79EFBC}") = "UnityEngine.Purchasing.Codeless", "UnityEngine.Purchasing.Codeless.csproj", "{AFC95BCC-DEBC-14DA-F193-F3381CCEE230}"
EndProject
Project("{FAE04EC0-301F-11D3-BF4B-00C04F79EFBC}") = "Unity.Services.Core.Configuration", "Unity.Services.Core.Configuration.csproj", "{9EB9A343-9BDD-90ED-DD0D-9D36C67CB494}"
EndProject
Project("{FAE04EC0-301F-11D3-BF4B-00C04F79EFBC}") = "Unity.VisualScripting.State.Editor", "Unity.VisualScripting.State.Editor.csproj", "{55AEBD03-1F69-ED6E-3F14-A59EE048D3E5}"
EndProject
Project("{FAE04EC0-301F-11D3-BF4B-00C04F79EFBC}") = "Unity.TestTools.CodeCoverage.Editor", "Unity.TestTools.CodeCoverage.Editor.csproj", "{C902526B-60E9-ECFC-B20F-4064E6BA5FAF}"
EndProject
Project("{FAE04EC0-301F-11D3-BF4B-00C04F79EFBC}") = "Unity.Services.Core.Configuration.Editor", "Unity.Services.Core.Configuration.Editor.csproj", "{23BAE7E8-A904-0FF2-F790-3FE7037CB823}"
EndProject
Project("{FAE04EC0-301F-11D3-BF4B-00C04F79EFBC}") = "Unity.VisualScripting.State", "Unity.VisualScripting.State.csproj", "{9563A340-8AC4-A372-59F1-02B83C7CAC85}"
EndProject
Project("{FAE04EC0-301F-11D3-BF4B-00C04F79EFBC}") = "Unity.TextMeshPro", "Unity.TextMeshPro.csproj", "{54390425-9C16-53B3-C09B-887B97317887}"
EndProject
Project("{FAE04EC0-301F-11D3-BF4B-00C04F79EFBC}") = "Unity.Services.Core.Networking", "Unity.Services.Core.Networking.csproj", "{C8DB68A4-C0E1-E730-392F-9BDEB3AEF05C}"
EndProject
Project("{FAE04EC0-301F-11D3-BF4B-00C04F79EFBC}") = "Unity.Performance.Profile-Analyzer.Editor", "Unity.Performance.Profile-Analyzer.Editor.csproj", "{0548228F-8740-0B1E-6B68-574522A9924B}"
EndProject
Project("{FAE04EC0-301F-11D3-BF4B-00C04F79EFBC}") = "Unity.Services.Core.Scheduler", "Unity.Services.Core.Scheduler.csproj", "{77A63378-75DA-8114-29FD-45FD4393071E}"
EndProject
Project("{FAE04EC0-301F-11D3-BF4B-00C04F79EFBC}") = "Unity.VSCode.Editor", "Unity.VSCode.Editor.csproj", "{19D8467C-BCD5-FB48-A432-85590650CF30}"
EndProject
Project("{FAE04EC0-301F-11D3-BF4B-00C04F79EFBC}") = "Unity.TestTools.CodeCoverage.Editor.OpenCover.Mono.Reflection", "Unity.TestTools.CodeCoverage.Editor.OpenCover.Mono.Reflection.csproj", "{76D978B8-0742-B1DC-5687-61F586FA50BA}"
EndProject
Project("{FAE04EC0-301F-11D3-BF4B-00C04F79EFBC}") = "Unity.2D.Sprite.Editor", "Unity.2D.Sprite.Editor.csproj", "{64572C45-8DB8-3FDA-F347-E9AF6C45DB0D}"
EndProject
Project("{FAE04EC0-301F-11D3-BF4B-00C04F79EFBC}") = "UnityEngine.Purchasing.AppleMacosStub", "UnityEngine.Purchasing.AppleMacosStub.csproj", "{FF98C53E-5A73-1FAE-E2A5-82B02CD04F1C}"
EndProject
Project("{FAE04EC0-301F-11D3-BF4B-00C04F79EFBC}") = "UnityEngine.Purchasing.SecurityStub", "UnityEngine.Purchasing.SecurityStub.csproj", "{19F63BCD-1A0E-3D4D-74B1-BBAA90BC197F}"
EndProject
Project("{FAE04EC0-301F-11D3-BF4B-00C04F79EFBC}") = "Unity.Settings.Editor", "Unity.Settings.Editor.csproj", "{E6E6C37A-AAF7-1C8A-4404-8AF76CD71514}"
EndProject
Project("{FAE04EC0-301F-11D3-BF4B-00C04F79EFBC}") = "Unity.Services.Core.Registration", "Unity.Services.Core.Registration.csproj", "{86C0F5C4-2EEE-5F6A-481D-F0E067F8ECDE}"
EndProject
Project("{FAE04EC0-301F-11D3-BF4B-00C04F79EFBC}") = "UnityEngine.Purchasing.SecurityCore", "UnityEngine.Purchasing.SecurityCore.csproj", "{642C8422-2DAB-94B2-7121-53272DAA3F40}"
EndProject
Project("{FAE04EC0-301F-11D3-BF4B-00C04F79EFBC}") = "UnityEngine.Purchasing.WinRTStub", "UnityEngine.Purchasing.WinRTStub.csproj", "{80A6D66A-9FB2-8F9A-A80B-4FFC856E046F}"
EndProject
Project("{FAE04EC0-301F-11D3-BF4B-00C04F79EFBC}") = "Unity.Services.Core.Analytics", "Unity.Services.Core.Analytics.csproj", "{7EF7B832-956E-3E20-E132-D7E76524EB5D}"
EndProject
Project("{FAE04EC0-301F-11D3-BF4B-00C04F79EFBC}") = "GoogleMobileAds.Editor", "GoogleMobileAds.Editor.csproj", "{12F70F1A-73E6-956E-97F4-CA9896B48020}"
EndProject
Project("{FAE04EC0-301F-11D3-BF4B-00C04F79EFBC}") = "Unity.Services.Core.Threading", "Unity.Services.Core.Threading.csproj", "{7F172F83-C20C-1DDA-63B3-3EBE985C1781}"
EndProject
Project("{FAE04EC0-301F-11D3-BF4B-00C04F79EFBC}") = "UnityEngine.Purchasing.AppleStub", "UnityEngine.Purchasing.AppleStub.csproj", "{78039B57-9C4E-0B48-3A93-2C8C557C1164}"
EndProject
Project("{FAE04EC0-301F-11D3-BF4B-00C04F79EFBC}") = "Unity.EditorCoroutines.Editor", "Unity.EditorCoroutines.Editor.csproj", "{3C0EAC2A-1ADB-D18D-214D-BC66BB20897B}"
EndProject
Project("{FAE04EC0-301F-11D3-BF4B-00C04F79EFBC}") = "Unity.Services.Core.Device", "Unity.Services.Core.Device.csproj", "{1844D84B-FD97-3F00-616B-EEC3CFE48E2C}"
EndProject
Project("{FAE04EC0-301F-11D3-BF4B-00C04F79EFBC}") = "UnityEngine.Purchasing.WinRTCore", "UnityEngine.Purchasing.WinRTCore.csproj", "{E0F15B52-8BA4-0A04-6310-CB77CAD1C873}"
EndProject
Project("{FAE04EC0-301F-11D3-BF4B-00C04F79EFBC}") = "Purchasing.Common", "Purchasing.Common.csproj", "{59AF0D1E-DC9B-2F52-B434-BAA08EA43C7C}"
EndProject
Project("{FAE04EC0-301F-11D3-BF4B-00C04F79EFBC}") = "Unity.Services.Core.Environments", "Unity.Services.Core.Environments.csproj", "{11F15705-139E-AB0C-B91E-0D07107B5181}"
EndProject
Project("{FAE04EC0-301F-11D3-BF4B-00C04F79EFBC}") = "UnityEngine.Purchasing.AppleCore", "UnityEngine.Purchasing.AppleCore.csproj", "{B4591F6F-CFE9-2FE7-636A-E32DEA341766}"
EndProject
Project("{FAE04EC0-301F-11D3-BF4B-00C04F79EFBC}") = "Unity.VisualScripting.Shared.Editor", "Unity.VisualScripting.Shared.Editor.csproj", "{091DB5D6-BCA3-2E0A-A9DD-E0EE6BA0F62C}"
EndProject
Project("{FAE04EC0-301F-11D3-BF4B-00C04F79EFBC}") = "Unity.CollabProxy.Editor", "Unity.CollabProxy.Editor.csproj", "{6136EBB9-7811-C16F-8B39-7706FB195C69}"
EndProject
Project("{FAE04EC0-301F-11D3-BF4B-00C04F79EFBC}") = "Unity.Timeline", "Unity.Timeline.Player.csproj", "{D950899F-7CD9-CDAC-7833-C68EF41C0F37}"
EndProject
Project("{FAE04EC0-301F-11D3-BF4B-00C04F79EFBC}") = "Unity.Services.Core.Internal", "Unity.Services.Core.Internal.Player.csproj", "{1E6E491F-F61F-3F37-532C-ABDA1A9CD744}"
EndProject
Project("{FAE04EC0-301F-11D3-BF4B-00C04F79EFBC}") = "Unity.VisualScripting.Flow", "Unity.VisualScripting.Flow.Player.csproj", "{9464CD80-85B6-BED3-A41A-39467B6E18C3}"
EndProject
Project("{FAE04EC0-301F-11D3-BF4B-00C04F79EFBC}") = "Unity.VisualScripting.Core", "Unity.VisualScripting.Core.Player.csproj", "{EA0B75E6-BA13-9D4A-8172-DBC8538159D0}"
EndProject
Project("{FAE04EC0-301F-11D3-BF4B-00C04F79EFBC}") = "UnityEngine.Purchasing.Stores", "UnityEngine.Purchasing.Stores.Player.csproj", "{D966EDC3-A620-7813-BCDF-8BE0AF92C579}"
EndProject
Project("{FAE04EC0-301F-11D3-BF4B-00C04F79EFBC}") = "UnityEngine.Purchasing", "UnityEngine.Purchasing.Player.csproj", "{34BD7C6F-1870-804C-319E-1DD6B78E86A7}"
EndProject
Project("{FAE04EC0-301F-11D3-BF4B-00C04F79EFBC}") = "UnityEngine.TestRunner", "UnityEngine.TestRunner.Player.csproj", "{BBC49393-B3E4-F365-F3B6-F4E8D64EC17E}"
EndProject
Project("{FAE04EC0-301F-11D3-BF4B-00C04F79EFBC}") = "Unity.Services.Core", "Unity.Services.Core.Player.csproj", "{A305E4F8-CCBD-1088-1BA3-E02E86A40FF7}"
EndProject
Project("{FAE04EC0-301F-11D3-BF4B-00C04F79EFBC}") = "UnityEngine.UI", "UnityEngine.UI.Player.csproj", "{BA0CC30A-1D08-B6F6-CF56-AB4D0A029D29}"
EndProject
Project("{FAE04EC0-301F-11D3-BF4B-00C04F79EFBC}") = "UnityEngine.Purchasing.Security", "UnityEngine.Purchasing.Security.Player.csproj", "{D6AE57BF-14C4-6F7D-C25D-1B7993E6031C}"
EndProject
Project("{FAE04EC0-301F-11D3-BF4B-00C04F79EFBC}") = "Assembly-CSharp", "Assembly-CSharp.Player.csproj", "{43328F5C-4B85-43A2-79F3-9DE189D16537}"
EndProject
Project("{FAE04EC0-301F-11D3-BF4B-00C04F79EFBC}") = "Unity.Services.Core.Environments.Internal", "Unity.Services.Core.Environments.Internal.Player.csproj", "{8D86EE6D-629D-9CD9-9E03-DB0C4DC44C84}"
EndProject
Project("{FAE04EC0-301F-11D3-BF4B-00C04F79EFBC}") = "Unity.Services.Core.Telemetry", "Unity.Services.Core.Telemetry.Player.csproj", "{F70E3DF6-E650-95EB-A557-8D7A5784CE33}"
EndProject
Project("{FAE04EC0-301F-11D3-BF4B-00C04F79EFBC}") = "UnityEngine.Purchasing.Codeless", "UnityEngine.Purchasing.Codeless.Player.csproj", "{D430821E-D356-A490-9876-D161B8DA8B47}"
EndProject
Project("{FAE04EC0-301F-11D3-BF4B-00C04F79EFBC}") = "Unity.Services.Core.Configuration", "Unity.Services.Core.Configuration.Player.csproj", "{DB9C2A5F-D3B9-89C3-4A51-0303A7D13702}"
EndProject
Project("{FAE04EC0-301F-11D3-BF4B-00C04F79EFBC}") = "Unity.VisualScripting.State", "Unity.VisualScripting.State.Player.csproj", "{0DD2DD2C-B281-BD97-85D7-6707E9836828}"
EndProject
Project("{FAE04EC0-301F-11D3-BF4B-00C04F79EFBC}") = "Unity.TextMeshPro", "Unity.TextMeshPro.Player.csproj", "{C20D391E-99FC-28FE-6371-1FB8C8C11295}"
EndProject
Project("{FAE04EC0-301F-11D3-BF4B-00C04F79EFBC}") = "Unity.Services.Core.Networking", "Unity.Services.Core.Networking.Player.csproj", "{741E4608-5174-E095-51F9-6D63659A7E6D}"
EndProject
Project("{FAE04EC0-301F-11D3-BF4B-00C04F79EFBC}") = "Unity.Services.Core.Scheduler", "Unity.Services.Core.Scheduler.Player.csproj", "{72422721-5997-6CFB-D6DE-FC95634E2356}"
EndProject
Project("{FAE04EC0-301F-11D3-BF4B-00C04F79EFBC}") = "UnityEngine.Purchasing.AppleMacosStub", "UnityEngine.Purchasing.AppleMacosStub.Player.csproj", "{2DA5F3E1-E1C2-6366-977F-EAC6A3F92115}"
EndProject
Project("{FAE04EC0-301F-11D3-BF4B-00C04F79EFBC}") = "Unity.Services.Core.Registration", "Unity.Services.Core.Registration.Player.csproj", "{88430AF1-E28E-746A-F5A2-C1C7F310C1FD}"
EndProject
Project("{FAE04EC0-301F-11D3-BF4B-00C04F79EFBC}") = "UnityEngine.Purchasing.SecurityCore", "UnityEngine.Purchasing.SecurityCore.Player.csproj", "{29783490-6FDE-C4AC-3022-51553DD54CD7}"
EndProject
Project("{FAE04EC0-301F-11D3-BF4B-00C04F79EFBC}") = "UnityEngine.Purchasing.WinRTStub", "UnityEngine.Purchasing.WinRTStub.Player.csproj", "{AA0F9511-4184-6E2E-88D7-5DF25F9C6DCA}"
EndProject
Project("{FAE04EC0-301F-11D3-BF4B-00C04F79EFBC}") = "Unity.Services.Core.Analytics", "Unity.Services.Core.Analytics.Player.csproj", "{7E06CE27-1F41-77A8-E5F2-B2DF671907B0}"
EndProject
Project("{FAE04EC0-301F-11D3-BF4B-00C04F79EFBC}") = "Unity.Services.Core.Threading", "Unity.Services.Core.Threading.Player.csproj", "{D1964E56-FA6F-6681-3E22-6E0CDA4452A6}"
EndProject
Project("{FAE04EC0-301F-11D3-BF4B-00C04F79EFBC}") = "UnityEngine.Purchasing.AppleStub", "UnityEngine.Purchasing.AppleStub.Player.csproj", "{C7E833A7-5EA6-324E-4EFF-AACF264E7B2E}"
EndProject
Project("{FAE04EC0-301F-11D3-BF4B-00C04F79EFBC}") = "Unity.Services.Core.Device", "Unity.Services.Core.Device.Player.csproj", "{C13AA433-B0B0-9031-6BAA-C3838E54175E}"
EndProject
Project("{FAE04EC0-301F-11D3-BF4B-00C04F79EFBC}") = "UnityEngine.Purchasing.WinRTCore", "UnityEngine.Purchasing.WinRTCore.Player.csproj", "{1C35AA51-1DDA-095C-CF8A-A4DC53C09662}"
EndProject
Project("{FAE04EC0-301F-11D3-BF4B-00C04F79EFBC}") = "Purchasing.Common", "Purchasing.Common.Player.csproj", "{7D2DF8C0-082E-9CB5-F780-A8A2BA3CE234}"
EndProject
Project("{FAE04EC0-301F-11D3-BF4B-00C04F79EFBC}") = "Unity.Services.Core.Environments", "Unity.Services.Core.Environments.Player.csproj", "{4177C6AE-CE16-3A9E-B9B0-E6DA85C5F90E}"
EndProject
Project("{FAE04EC0-301F-11D3-BF4B-00C04F79EFBC}") = "UnityEngine.Purchasing.AppleCore", "UnityEngine.Purchasing.AppleCore.Player.csproj", "{3AD413E6-9334-8452-7680-B20B129CEDC0}"
EndProject
Global
	GlobalSection(SolutionConfigurationPlatforms) = preSolution
		Debug|Any CPU = Debug|Any CPU
		Release|Any CPU = Release|Any CPU
	EndGlobalSection
	GlobalSection(ProjectConfigurationPlatforms) = postSolution
		{832F4A23-A5E5-00D9-7B8A-E348247041EB}.Debug|Any CPU.ActiveCfg = Debug|Any CPU
		{832F4A23-A5E5-00D9-7B8A-E348247041EB}.Debug|Any CPU.Build.0 = Debug|Any CPU
		{832F4A23-A5E5-00D9-7B8A-E348247041EB}.Release|Any CPU.ActiveCfg = Release|Any CPU
		{832F4A23-A5E5-00D9-7B8A-E348247041EB}.Release|Any CPU.Build.0 = Release|Any CPU
		{C3B2A502-053E-4A2B-76C6-9E3DE97BC373}.Debug|Any CPU.ActiveCfg = Debug|Any CPU
		{C3B2A502-053E-4A2B-76C6-9E3DE97BC373}.Debug|Any CPU.Build.0 = Debug|Any CPU
		{C3B2A502-053E-4A2B-76C6-9E3DE97BC373}.Release|Any CPU.ActiveCfg = Release|Any CPU
		{C3B2A502-053E-4A2B-76C6-9E3DE97BC373}.Release|Any CPU.Build.0 = Release|Any CPU
		{2908D8A5-71CD-8E77-8F49-154B7BE9E3D7}.Debug|Any CPU.ActiveCfg = Debug|Any CPU
		{2908D8A5-71CD-8E77-8F49-154B7BE9E3D7}.Debug|Any CPU.Build.0 = Debug|Any CPU
		{2908D8A5-71CD-8E77-8F49-154B7BE9E3D7}.Release|Any CPU.ActiveCfg = Release|Any CPU
		{2908D8A5-71CD-8E77-8F49-154B7BE9E3D7}.Release|Any CPU.Build.0 = Release|Any CPU
		{681D304B-30A6-FEF5-0947-A978505F40E2}.Debug|Any CPU.ActiveCfg = Debug|Any CPU
		{681D304B-30A6-FEF5-0947-A978505F40E2}.Debug|Any CPU.Build.0 = Debug|Any CPU
		{681D304B-30A6-FEF5-0947-A978505F40E2}.Release|Any CPU.ActiveCfg = Release|Any CPU
		{681D304B-30A6-FEF5-0947-A978505F40E2}.Release|Any CPU.Build.0 = Release|Any CPU
		{F5A7052B-BA79-D493-BEFB-AB6EEA199EBB}.Debug|Any CPU.ActiveCfg = Debug|Any CPU
		{F5A7052B-BA79-D493-BEFB-AB6EEA199EBB}.Debug|Any CPU.Build.0 = Debug|Any CPU
		{F5A7052B-BA79-D493-BEFB-AB6EEA199EBB}.Release|Any CPU.ActiveCfg = Release|Any CPU
		{F5A7052B-BA79-D493-BEFB-AB6EEA199EBB}.Release|Any CPU.Build.0 = Release|Any CPU
		{5875781F-08AF-84FB-5BCA-6E64924D3F08}.Debug|Any CPU.ActiveCfg = Debug|Any CPU
		{5875781F-08AF-84FB-5BCA-6E64924D3F08}.Debug|Any CPU.Build.0 = Debug|Any CPU
		{5875781F-08AF-84FB-5BCA-6E64924D3F08}.Release|Any CPU.ActiveCfg = Release|Any CPU
		{5875781F-08AF-84FB-5BCA-6E64924D3F08}.Release|Any CPU.Build.0 = Release|Any CPU
		{07BBA3E7-36BF-2E04-EC97-A282CF1267CA}.Debug|Any CPU.ActiveCfg = Debug|Any CPU
		{07BBA3E7-36BF-2E04-EC97-A282CF1267CA}.Debug|Any CPU.Build.0 = Debug|Any CPU
		{07BBA3E7-36BF-2E04-EC97-A282CF1267CA}.Release|Any CPU.ActiveCfg = Release|Any CPU
		{07BBA3E7-36BF-2E04-EC97-A282CF1267CA}.Release|Any CPU.Build.0 = Release|Any CPU
		{EF69E277-4EB4-0597-D059-761A56F14DE0}.Debug|Any CPU.ActiveCfg = Debug|Any CPU
		{EF69E277-4EB4-0597-D059-761A56F14DE0}.Debug|Any CPU.Build.0 = Debug|Any CPU
		{EF69E277-4EB4-0597-D059-761A56F14DE0}.Release|Any CPU.ActiveCfg = Release|Any CPU
		{EF69E277-4EB4-0597-D059-761A56F14DE0}.Release|Any CPU.Build.0 = Release|Any CPU
		{4C8E58F1-A438-A752-9C7A-D728AA2962F6}.Debug|Any CPU.ActiveCfg = Debug|Any CPU
		{4C8E58F1-A438-A752-9C7A-D728AA2962F6}.Debug|Any CPU.Build.0 = Debug|Any CPU
		{4C8E58F1-A438-A752-9C7A-D728AA2962F6}.Release|Any CPU.ActiveCfg = Release|Any CPU
		{4C8E58F1-A438-A752-9C7A-D728AA2962F6}.Release|Any CPU.Build.0 = Release|Any CPU
		{53A805ED-5AB1-BDDA-6858-564837A4DF0D}.Debug|Any CPU.ActiveCfg = Debug|Any CPU
		{53A805ED-5AB1-BDDA-6858-564837A4DF0D}.Debug|Any CPU.Build.0 = Debug|Any CPU
		{53A805ED-5AB1-BDDA-6858-564837A4DF0D}.Release|Any CPU.ActiveCfg = Release|Any CPU
		{53A805ED-5AB1-BDDA-6858-564837A4DF0D}.Release|Any CPU.Build.0 = Release|Any CPU
		{76E9FB4C-C9AC-7CA6-596B-CCBECC63AD25}.Debug|Any CPU.ActiveCfg = Debug|Any CPU
		{76E9FB4C-C9AC-7CA6-596B-CCBECC63AD25}.Debug|Any CPU.Build.0 = Debug|Any CPU
		{76E9FB4C-C9AC-7CA6-596B-CCBECC63AD25}.Release|Any CPU.ActiveCfg = Release|Any CPU
		{76E9FB4C-C9AC-7CA6-596B-CCBECC63AD25}.Release|Any CPU.Build.0 = Release|Any CPU
		{165417C3-5358-25F6-F955-09E6C19465F6}.Debug|Any CPU.ActiveCfg = Debug|Any CPU
		{165417C3-5358-25F6-F955-09E6C19465F6}.Debug|Any CPU.Build.0 = Debug|Any CPU
		{165417C3-5358-25F6-F955-09E6C19465F6}.Release|Any CPU.ActiveCfg = Release|Any CPU
		{165417C3-5358-25F6-F955-09E6C19465F6}.Release|Any CPU.Build.0 = Release|Any CPU
		{02A95770-505A-EF9E-F8AA-E1562881A407}.Debug|Any CPU.ActiveCfg = Debug|Any CPU
		{02A95770-505A-EF9E-F8AA-E1562881A407}.Debug|Any CPU.Build.0 = Debug|Any CPU
		{02A95770-505A-EF9E-F8AA-E1562881A407}.Release|Any CPU.ActiveCfg = Release|Any CPU
		{02A95770-505A-EF9E-F8AA-E1562881A407}.Release|Any CPU.Build.0 = Release|Any CPU
		{49B26FD4-C8A3-DB2D-138F-D65FF650AC57}.Debug|Any CPU.ActiveCfg = Debug|Any CPU
		{49B26FD4-C8A3-DB2D-138F-D65FF650AC57}.Debug|Any CPU.Build.0 = Debug|Any CPU
		{49B26FD4-C8A3-DB2D-138F-D65FF650AC57}.Release|Any CPU.ActiveCfg = Release|Any CPU
		{49B26FD4-C8A3-DB2D-138F-D65FF650AC57}.Release|Any CPU.Build.0 = Release|Any CPU
		{BA9FD18A-FC62-D2FC-F19D-1516EE1D48E3}.Debug|Any CPU.ActiveCfg = Debug|Any CPU
		{BA9FD18A-FC62-D2FC-F19D-1516EE1D48E3}.Debug|Any CPU.Build.0 = Debug|Any CPU
		{BA9FD18A-FC62-D2FC-F19D-1516EE1D48E3}.Release|Any CPU.ActiveCfg = Release|Any CPU
		{BA9FD18A-FC62-D2FC-F19D-1516EE1D48E3}.Release|Any CPU.Build.0 = Release|Any CPU
		{2C95D781-3D69-8469-59F4-048D72810E26}.Debug|Any CPU.ActiveCfg = Debug|Any CPU
		{2C95D781-3D69-8469-59F4-048D72810E26}.Debug|Any CPU.Build.0 = Debug|Any CPU
		{2C95D781-3D69-8469-59F4-048D72810E26}.Release|Any CPU.ActiveCfg = Release|Any CPU
		{2C95D781-3D69-8469-59F4-048D72810E26}.Release|Any CPU.Build.0 = Release|Any CPU
		{9D954D3B-B02D-3E07-38C3-1CA5FB1DF80A}.Debug|Any CPU.ActiveCfg = Debug|Any CPU
		{9D954D3B-B02D-3E07-38C3-1CA5FB1DF80A}.Debug|Any CPU.Build.0 = Debug|Any CPU
		{9D954D3B-B02D-3E07-38C3-1CA5FB1DF80A}.Release|Any CPU.ActiveCfg = Release|Any CPU
		{9D954D3B-B02D-3E07-38C3-1CA5FB1DF80A}.Release|Any CPU.Build.0 = Release|Any CPU
		{116E5AEE-B17D-1DD7-042C-666A53AFDE3B}.Debug|Any CPU.ActiveCfg = Debug|Any CPU
		{116E5AEE-B17D-1DD7-042C-666A53AFDE3B}.Debug|Any CPU.Build.0 = Debug|Any CPU
		{116E5AEE-B17D-1DD7-042C-666A53AFDE3B}.Release|Any CPU.ActiveCfg = Release|Any CPU
		{116E5AEE-B17D-1DD7-042C-666A53AFDE3B}.Release|Any CPU.Build.0 = Release|Any CPU
		{667C69FC-7944-AA60-D002-CE68BCC4BB1D}.Debug|Any CPU.ActiveCfg = Debug|Any CPU
		{667C69FC-7944-AA60-D002-CE68BCC4BB1D}.Debug|Any CPU.Build.0 = Debug|Any CPU
		{667C69FC-7944-AA60-D002-CE68BCC4BB1D}.Release|Any CPU.ActiveCfg = Release|Any CPU
		{667C69FC-7944-AA60-D002-CE68BCC4BB1D}.Release|Any CPU.Build.0 = Release|Any CPU
		{AA2E52C8-E34C-5DE6-6523-B657025E29B5}.Debug|Any CPU.ActiveCfg = Debug|Any CPU
		{AA2E52C8-E34C-5DE6-6523-B657025E29B5}.Debug|Any CPU.Build.0 = Debug|Any CPU
		{AA2E52C8-E34C-5DE6-6523-B657025E29B5}.Release|Any CPU.ActiveCfg = Release|Any CPU
		{AA2E52C8-E34C-5DE6-6523-B657025E29B5}.Release|Any CPU.Build.0 = Release|Any CPU
		{98955F97-E5FC-3D3B-0313-6106A0A85039}.Debug|Any CPU.ActiveCfg = Debug|Any CPU
		{98955F97-E5FC-3D3B-0313-6106A0A85039}.Debug|Any CPU.Build.0 = Debug|Any CPU
		{98955F97-E5FC-3D3B-0313-6106A0A85039}.Release|Any CPU.ActiveCfg = Release|Any CPU
		{98955F97-E5FC-3D3B-0313-6106A0A85039}.Release|Any CPU.Build.0 = Release|Any CPU
		{64E2F6C6-1576-AED7-02C5-6D94F5E99C09}.Debug|Any CPU.ActiveCfg = Debug|Any CPU
		{64E2F6C6-1576-AED7-02C5-6D94F5E99C09}.Debug|Any CPU.Build.0 = Debug|Any CPU
		{64E2F6C6-1576-AED7-02C5-6D94F5E99C09}.Release|Any CPU.ActiveCfg = Release|Any CPU
		{64E2F6C6-1576-AED7-02C5-6D94F5E99C09}.Release|Any CPU.Build.0 = Release|Any CPU
		{8D878ADA-DD62-83EF-9886-98F1EE70BBE8}.Debug|Any CPU.ActiveCfg = Debug|Any CPU
		{8D878ADA-DD62-83EF-9886-98F1EE70BBE8}.Debug|Any CPU.Build.0 = Debug|Any CPU
		{8D878ADA-DD62-83EF-9886-98F1EE70BBE8}.Release|Any CPU.ActiveCfg = Release|Any CPU
		{8D878ADA-DD62-83EF-9886-98F1EE70BBE8}.Release|Any CPU.Build.0 = Release|Any CPU
		{24F0D69C-AB48-CB5C-AC5E-45C57779BFF6}.Debug|Any CPU.ActiveCfg = Debug|Any CPU
		{24F0D69C-AB48-CB5C-AC5E-45C57779BFF6}.Debug|Any CPU.Build.0 = Debug|Any CPU
		{24F0D69C-AB48-CB5C-AC5E-45C57779BFF6}.Release|Any CPU.ActiveCfg = Release|Any CPU
		{24F0D69C-AB48-CB5C-AC5E-45C57779BFF6}.Release|Any CPU.Build.0 = Release|Any CPU
		{CAA085C0-A159-01BB-5F9C-EE251E7A2EA4}.Debug|Any CPU.ActiveCfg = Debug|Any CPU
		{CAA085C0-A159-01BB-5F9C-EE251E7A2EA4}.Debug|Any CPU.Build.0 = Debug|Any CPU
		{CAA085C0-A159-01BB-5F9C-EE251E7A2EA4}.Release|Any CPU.ActiveCfg = Release|Any CPU
		{CAA085C0-A159-01BB-5F9C-EE251E7A2EA4}.Release|Any CPU.Build.0 = Release|Any CPU
		{6AC29C58-D015-2286-6B05-27C503321DFC}.Debug|Any CPU.ActiveCfg = Debug|Any CPU
		{6AC29C58-D015-2286-6B05-27C503321DFC}.Debug|Any CPU.Build.0 = Debug|Any CPU
		{6AC29C58-D015-2286-6B05-27C503321DFC}.Release|Any CPU.ActiveCfg = Release|Any CPU
		{6AC29C58-D015-2286-6B05-27C503321DFC}.Release|Any CPU.Build.0 = Release|Any CPU
		{AFC95BCC-DEBC-14DA-F193-F3381CCEE230}.Debug|Any CPU.ActiveCfg = Debug|Any CPU
		{AFC95BCC-DEBC-14DA-F193-F3381CCEE230}.Debug|Any CPU.Build.0 = Debug|Any CPU
		{AFC95BCC-DEBC-14DA-F193-F3381CCEE230}.Release|Any CPU.ActiveCfg = Release|Any CPU
		{AFC95BCC-DEBC-14DA-F193-F3381CCEE230}.Release|Any CPU.Build.0 = Release|Any CPU
		{9EB9A343-9BDD-90ED-DD0D-9D36C67CB494}.Debug|Any CPU.ActiveCfg = Debug|Any CPU
		{9EB9A343-9BDD-90ED-DD0D-9D36C67CB494}.Debug|Any CPU.Build.0 = Debug|Any CPU
		{9EB9A343-9BDD-90ED-DD0D-9D36C67CB494}.Release|Any CPU.ActiveCfg = Release|Any CPU
		{9EB9A343-9BDD-90ED-DD0D-9D36C67CB494}.Release|Any CPU.Build.0 = Release|Any CPU
		{55AEBD03-1F69-ED6E-3F14-A59EE048D3E5}.Debug|Any CPU.ActiveCfg = Debug|Any CPU
		{55AEBD03-1F69-ED6E-3F14-A59EE048D3E5}.Debug|Any CPU.Build.0 = Debug|Any CPU
		{55AEBD03-1F69-ED6E-3F14-A59EE048D3E5}.Release|Any CPU.ActiveCfg = Release|Any CPU
		{55AEBD03-1F69-ED6E-3F14-A59EE048D3E5}.Release|Any CPU.Build.0 = Release|Any CPU
		{C902526B-60E9-ECFC-B20F-4064E6BA5FAF}.Debug|Any CPU.ActiveCfg = Debug|Any CPU
		{C902526B-60E9-ECFC-B20F-4064E6BA5FAF}.Debug|Any CPU.Build.0 = Debug|Any CPU
		{C902526B-60E9-ECFC-B20F-4064E6BA5FAF}.Release|Any CPU.ActiveCfg = Release|Any CPU
		{C902526B-60E9-ECFC-B20F-4064E6BA5FAF}.Release|Any CPU.Build.0 = Release|Any CPU
		{23BAE7E8-A904-0FF2-F790-3FE7037CB823}.Debug|Any CPU.ActiveCfg = Debug|Any CPU
		{23BAE7E8-A904-0FF2-F790-3FE7037CB823}.Debug|Any CPU.Build.0 = Debug|Any CPU
		{23BAE7E8-A904-0FF2-F790-3FE7037CB823}.Release|Any CPU.ActiveCfg = Release|Any CPU
		{23BAE7E8-A904-0FF2-F790-3FE7037CB823}.Release|Any CPU.Build.0 = Release|Any CPU
		{9563A340-8AC4-A372-59F1-02B83C7CAC85}.Debug|Any CPU.ActiveCfg = Debug|Any CPU
		{9563A340-8AC4-A372-59F1-02B83C7CAC85}.Debug|Any CPU.Build.0 = Debug|Any CPU
		{9563A340-8AC4-A372-59F1-02B83C7CAC85}.Release|Any CPU.ActiveCfg = Release|Any CPU
		{9563A340-8AC4-A372-59F1-02B83C7CAC85}.Release|Any CPU.Build.0 = Release|Any CPU
		{54390425-9C16-53B3-C09B-887B97317887}.Debug|Any CPU.ActiveCfg = Debug|Any CPU
		{54390425-9C16-53B3-C09B-887B97317887}.Debug|Any CPU.Build.0 = Debug|Any CPU
		{54390425-9C16-53B3-C09B-887B97317887}.Release|Any CPU.ActiveCfg = Release|Any CPU
		{54390425-9C16-53B3-C09B-887B97317887}.Release|Any CPU.Build.0 = Release|Any CPU
		{C8DB68A4-C0E1-E730-392F-9BDEB3AEF05C}.Debug|Any CPU.ActiveCfg = Debug|Any CPU
		{C8DB68A4-C0E1-E730-392F-9BDEB3AEF05C}.Debug|Any CPU.Build.0 = Debug|Any CPU
		{C8DB68A4-C0E1-E730-392F-9BDEB3AEF05C}.Release|Any CPU.ActiveCfg = Release|Any CPU
		{C8DB68A4-C0E1-E730-392F-9BDEB3AEF05C}.Release|Any CPU.Build.0 = Release|Any CPU
		{0548228F-8740-0B1E-6B68-574522A9924B}.Debug|Any CPU.ActiveCfg = Debug|Any CPU
		{0548228F-8740-0B1E-6B68-574522A9924B}.Debug|Any CPU.Build.0 = Debug|Any CPU
		{0548228F-8740-0B1E-6B68-574522A9924B}.Release|Any CPU.ActiveCfg = Release|Any CPU
		{0548228F-8740-0B1E-6B68-574522A9924B}.Release|Any CPU.Build.0 = Release|Any CPU
		{77A63378-75DA-8114-29FD-45FD4393071E}.Debug|Any CPU.ActiveCfg = Debug|Any CPU
		{77A63378-75DA-8114-29FD-45FD4393071E}.Debug|Any CPU.Build.0 = Debug|Any CPU
		{77A63378-75DA-8114-29FD-45FD4393071E}.Release|Any CPU.ActiveCfg = Release|Any CPU
		{77A63378-75DA-8114-29FD-45FD4393071E}.Release|Any CPU.Build.0 = Release|Any CPU
		{19D8467C-BCD5-FB48-A432-85590650CF30}.Debug|Any CPU.ActiveCfg = Debug|Any CPU
		{19D8467C-BCD5-FB48-A432-85590650CF30}.Debug|Any CPU.Build.0 = Debug|Any CPU
		{19D8467C-BCD5-FB48-A432-85590650CF30}.Release|Any CPU.ActiveCfg = Release|Any CPU
		{19D8467C-BCD5-FB48-A432-85590650CF30}.Release|Any CPU.Build.0 = Release|Any CPU
		{76D978B8-0742-B1DC-5687-61F586FA50BA}.Debug|Any CPU.ActiveCfg = Debug|Any CPU
		{76D978B8-0742-B1DC-5687-61F586FA50BA}.Debug|Any CPU.Build.0 = Debug|Any CPU
		{76D978B8-0742-B1DC-5687-61F586FA50BA}.Release|Any CPU.ActiveCfg = Release|Any CPU
		{76D978B8-0742-B1DC-5687-61F586FA50BA}.Release|Any CPU.Build.0 = Release|Any CPU
		{64572C45-8DB8-3FDA-F347-E9AF6C45DB0D}.Debug|Any CPU.ActiveCfg = Debug|Any CPU
		{64572C45-8DB8-3FDA-F347-E9AF6C45DB0D}.Debug|Any CPU.Build.0 = Debug|Any CPU
		{64572C45-8DB8-3FDA-F347-E9AF6C45DB0D}.Release|Any CPU.ActiveCfg = Release|Any CPU
		{64572C45-8DB8-3FDA-F347-E9AF6C45DB0D}.Release|Any CPU.Build.0 = Release|Any CPU
		{FF98C53E-5A73-1FAE-E2A5-82B02CD04F1C}.Debug|Any CPU.ActiveCfg = Debug|Any CPU
		{FF98C53E-5A73-1FAE-E2A5-82B02CD04F1C}.Debug|Any CPU.Build.0 = Debug|Any CPU
		{FF98C53E-5A73-1FAE-E2A5-82B02CD04F1C}.Release|Any CPU.ActiveCfg = Release|Any CPU
		{FF98C53E-5A73-1FAE-E2A5-82B02CD04F1C}.Release|Any CPU.Build.0 = Release|Any CPU
		{19F63BCD-1A0E-3D4D-74B1-BBAA90BC197F}.Debug|Any CPU.ActiveCfg = Debug|Any CPU
		{19F63BCD-1A0E-3D4D-74B1-BBAA90BC197F}.Debug|Any CPU.Build.0 = Debug|Any CPU
		{19F63BCD-1A0E-3D4D-74B1-BBAA90BC197F}.Release|Any CPU.ActiveCfg = Release|Any CPU
		{19F63BCD-1A0E-3D4D-74B1-BBAA90BC197F}.Release|Any CPU.Build.0 = Release|Any CPU
		{E6E6C37A-AAF7-1C8A-4404-8AF76CD71514}.Debug|Any CPU.ActiveCfg = Debug|Any CPU
		{E6E6C37A-AAF7-1C8A-4404-8AF76CD71514}.Debug|Any CPU.Build.0 = Debug|Any CPU
		{E6E6C37A-AAF7-1C8A-4404-8AF76CD71514}.Release|Any CPU.ActiveCfg = Release|Any CPU
		{E6E6C37A-AAF7-1C8A-4404-8AF76CD71514}.Release|Any CPU.Build.0 = Release|Any CPU
		{86C0F5C4-2EEE-5F6A-481D-F0E067F8ECDE}.Debug|Any CPU.ActiveCfg = Debug|Any CPU
		{86C0F5C4-2EEE-5F6A-481D-F0E067F8ECDE}.Debug|Any CPU.Build.0 = Debug|Any CPU
		{86C0F5C4-2EEE-5F6A-481D-F0E067F8ECDE}.Release|Any CPU.ActiveCfg = Release|Any CPU
		{86C0F5C4-2EEE-5F6A-481D-F0E067F8ECDE}.Release|Any CPU.Build.0 = Release|Any CPU
		{642C8422-2DAB-94B2-7121-53272DAA3F40}.Debug|Any CPU.ActiveCfg = Debug|Any CPU
		{642C8422-2DAB-94B2-7121-53272DAA3F40}.Debug|Any CPU.Build.0 = Debug|Any CPU
		{642C8422-2DAB-94B2-7121-53272DAA3F40}.Release|Any CPU.ActiveCfg = Release|Any CPU
		{642C8422-2DAB-94B2-7121-53272DAA3F40}.Release|Any CPU.Build.0 = Release|Any CPU
		{80A6D66A-9FB2-8F9A-A80B-4FFC856E046F}.Debug|Any CPU.ActiveCfg = Debug|Any CPU
		{80A6D66A-9FB2-8F9A-A80B-4FFC856E046F}.Debug|Any CPU.Build.0 = Debug|Any CPU
		{80A6D66A-9FB2-8F9A-A80B-4FFC856E046F}.Release|Any CPU.ActiveCfg = Release|Any CPU
		{80A6D66A-9FB2-8F9A-A80B-4FFC856E046F}.Release|Any CPU.Build.0 = Release|Any CPU
		{7EF7B832-956E-3E20-E132-D7E76524EB5D}.Debug|Any CPU.ActiveCfg = Debug|Any CPU
		{7EF7B832-956E-3E20-E132-D7E76524EB5D}.Debug|Any CPU.Build.0 = Debug|Any CPU
		{7EF7B832-956E-3E20-E132-D7E76524EB5D}.Release|Any CPU.ActiveCfg = Release|Any CPU
		{7EF7B832-956E-3E20-E132-D7E76524EB5D}.Release|Any CPU.Build.0 = Release|Any CPU
		{12F70F1A-73E6-956E-97F4-CA9896B48020}.Debug|Any CPU.ActiveCfg = Debug|Any CPU
		{12F70F1A-73E6-956E-97F4-CA9896B48020}.Debug|Any CPU.Build.0 = Debug|Any CPU
		{12F70F1A-73E6-956E-97F4-CA9896B48020}.Release|Any CPU.ActiveCfg = Release|Any CPU
		{12F70F1A-73E6-956E-97F4-CA9896B48020}.Release|Any CPU.Build.0 = Release|Any CPU
		{7F172F83-C20C-1DDA-63B3-3EBE985C1781}.Debug|Any CPU.ActiveCfg = Debug|Any CPU
		{7F172F83-C20C-1DDA-63B3-3EBE985C1781}.Debug|Any CPU.Build.0 = Debug|Any CPU
		{7F172F83-C20C-1DDA-63B3-3EBE985C1781}.Release|Any CPU.ActiveCfg = Release|Any CPU
		{7F172F83-C20C-1DDA-63B3-3EBE985C1781}.Release|Any CPU.Build.0 = Release|Any CPU
		{78039B57-9C4E-0B48-3A93-2C8C557C1164}.Debug|Any CPU.ActiveCfg = Debug|Any CPU
		{78039B57-9C4E-0B48-3A93-2C8C557C1164}.Debug|Any CPU.Build.0 = Debug|Any CPU
		{78039B57-9C4E-0B48-3A93-2C8C557C1164}.Release|Any CPU.ActiveCfg = Release|Any CPU
		{78039B57-9C4E-0B48-3A93-2C8C557C1164}.Release|Any CPU.Build.0 = Release|Any CPU
		{3C0EAC2A-1ADB-D18D-214D-BC66BB20897B}.Debug|Any CPU.ActiveCfg = Debug|Any CPU
		{3C0EAC2A-1ADB-D18D-214D-BC66BB20897B}.Debug|Any CPU.Build.0 = Debug|Any CPU
		{3C0EAC2A-1ADB-D18D-214D-BC66BB20897B}.Release|Any CPU.ActiveCfg = Release|Any CPU
		{3C0EAC2A-1ADB-D18D-214D-BC66BB20897B}.Release|Any CPU.Build.0 = Release|Any CPU
		{1844D84B-FD97-3F00-616B-EEC3CFE48E2C}.Debug|Any CPU.ActiveCfg = Debug|Any CPU
		{1844D84B-FD97-3F00-616B-EEC3CFE48E2C}.Debug|Any CPU.Build.0 = Debug|Any CPU
		{1844D84B-FD97-3F00-616B-EEC3CFE48E2C}.Release|Any CPU.ActiveCfg = Release|Any CPU
		{1844D84B-FD97-3F00-616B-EEC3CFE48E2C}.Release|Any CPU.Build.0 = Release|Any CPU
		{E0F15B52-8BA4-0A04-6310-CB77CAD1C873}.Debug|Any CPU.ActiveCfg = Debug|Any CPU
		{E0F15B52-8BA4-0A04-6310-CB77CAD1C873}.Debug|Any CPU.Build.0 = Debug|Any CPU
		{E0F15B52-8BA4-0A04-6310-CB77CAD1C873}.Release|Any CPU.ActiveCfg = Release|Any CPU
		{E0F15B52-8BA4-0A04-6310-CB77CAD1C873}.Release|Any CPU.Build.0 = Release|Any CPU
		{59AF0D1E-DC9B-2F52-B434-BAA08EA43C7C}.Debug|Any CPU.ActiveCfg = Debug|Any CPU
		{59AF0D1E-DC9B-2F52-B434-BAA08EA43C7C}.Debug|Any CPU.Build.0 = Debug|Any CPU
		{59AF0D1E-DC9B-2F52-B434-BAA08EA43C7C}.Release|Any CPU.ActiveCfg = Release|Any CPU
		{59AF0D1E-DC9B-2F52-B434-BAA08EA43C7C}.Release|Any CPU.Build.0 = Release|Any CPU
		{11F15705-139E-AB0C-B91E-0D07107B5181}.Debug|Any CPU.ActiveCfg = Debug|Any CPU
		{11F15705-139E-AB0C-B91E-0D07107B5181}.Debug|Any CPU.Build.0 = Debug|Any CPU
		{11F15705-139E-AB0C-B91E-0D07107B5181}.Release|Any CPU.ActiveCfg = Release|Any CPU
		{11F15705-139E-AB0C-B91E-0D07107B5181}.Release|Any CPU.Build.0 = Release|Any CPU
		{B4591F6F-CFE9-2FE7-636A-E32DEA341766}.Debug|Any CPU.ActiveCfg = Debug|Any CPU
		{B4591F6F-CFE9-2FE7-636A-E32DEA341766}.Debug|Any CPU.Build.0 = Debug|Any CPU
		{B4591F6F-CFE9-2FE7-636A-E32DEA341766}.Release|Any CPU.ActiveCfg = Release|Any CPU
		{B4591F6F-CFE9-2FE7-636A-E32DEA341766}.Release|Any CPU.Build.0 = Release|Any CPU
		{091DB5D6-BCA3-2E0A-A9DD-E0EE6BA0F62C}.Debug|Any CPU.ActiveCfg = Debug|Any CPU
		{091DB5D6-BCA3-2E0A-A9DD-E0EE6BA0F62C}.Debug|Any CPU.Build.0 = Debug|Any CPU
		{091DB5D6-BCA3-2E0A-A9DD-E0EE6BA0F62C}.Release|Any CPU.ActiveCfg = Release|Any CPU
		{091DB5D6-BCA3-2E0A-A9DD-E0EE6BA0F62C}.Release|Any CPU.Build.0 = Release|Any CPU
		{6136EBB9-7811-C16F-8B39-7706FB195C69}.Debug|Any CPU.ActiveCfg = Debug|Any CPU
		{6136EBB9-7811-C16F-8B39-7706FB195C69}.Debug|Any CPU.Build.0 = Debug|Any CPU
		{6136EBB9-7811-C16F-8B39-7706FB195C69}.Release|Any CPU.ActiveCfg = Release|Any CPU
		{6136EBB9-7811-C16F-8B39-7706FB195C69}.Release|Any CPU.Build.0 = Release|Any CPU
		{D950899F-7CD9-CDAC-7833-C68EF41C0F37}.Debug|Any CPU.ActiveCfg = Debug|Any CPU
		{D950899F-7CD9-CDAC-7833-C68EF41C0F37}.Debug|Any CPU.Build.0 = Debug|Any CPU
		{D950899F-7CD9-CDAC-7833-C68EF41C0F37}.Release|Any CPU.ActiveCfg = Release|Any CPU
		{D950899F-7CD9-CDAC-7833-C68EF41C0F37}.Release|Any CPU.Build.0 = Release|Any CPU
		{1E6E491F-F61F-3F37-532C-ABDA1A9CD744}.Debug|Any CPU.ActiveCfg = Debug|Any CPU
		{1E6E491F-F61F-3F37-532C-ABDA1A9CD744}.Debug|Any CPU.Build.0 = Debug|Any CPU
		{1E6E491F-F61F-3F37-532C-ABDA1A9CD744}.Release|Any CPU.ActiveCfg = Release|Any CPU
		{1E6E491F-F61F-3F37-532C-ABDA1A9CD744}.Release|Any CPU.Build.0 = Release|Any CPU
		{9464CD80-85B6-BED3-A41A-39467B6E18C3}.Debug|Any CPU.ActiveCfg = Debug|Any CPU
		{9464CD80-85B6-BED3-A41A-39467B6E18C3}.Debug|Any CPU.Build.0 = Debug|Any CPU
		{9464CD80-85B6-BED3-A41A-39467B6E18C3}.Release|Any CPU.ActiveCfg = Release|Any CPU
		{9464CD80-85B6-BED3-A41A-39467B6E18C3}.Release|Any CPU.Build.0 = Release|Any CPU
		{EA0B75E6-BA13-9D4A-8172-DBC8538159D0}.Debug|Any CPU.ActiveCfg = Debug|Any CPU
		{EA0B75E6-BA13-9D4A-8172-DBC8538159D0}.Debug|Any CPU.Build.0 = Debug|Any CPU
		{EA0B75E6-BA13-9D4A-8172-DBC8538159D0}.Release|Any CPU.ActiveCfg = Release|Any CPU
		{EA0B75E6-BA13-9D4A-8172-DBC8538159D0}.Release|Any CPU.Build.0 = Release|Any CPU
		{D966EDC3-A620-7813-BCDF-8BE0AF92C579}.Debug|Any CPU.ActiveCfg = Debug|Any CPU
		{D966EDC3-A620-7813-BCDF-8BE0AF92C579}.Debug|Any CPU.Build.0 = Debug|Any CPU
		{D966EDC3-A620-7813-BCDF-8BE0AF92C579}.Release|Any CPU.ActiveCfg = Release|Any CPU
		{D966EDC3-A620-7813-BCDF-8BE0AF92C579}.Release|Any CPU.Build.0 = Release|Any CPU
		{34BD7C6F-1870-804C-319E-1DD6B78E86A7}.Debug|Any CPU.ActiveCfg = Debug|Any CPU
		{34BD7C6F-1870-804C-319E-1DD6B78E86A7}.Debug|Any CPU.Build.0 = Debug|Any CPU
		{34BD7C6F-1870-804C-319E-1DD6B78E86A7}.Release|Any CPU.ActiveCfg = Release|Any CPU
		{34BD7C6F-1870-804C-319E-1DD6B78E86A7}.Release|Any CPU.Build.0 = Release|Any CPU
		{BBC49393-B3E4-F365-F3B6-F4E8D64EC17E}.Debug|Any CPU.ActiveCfg = Debug|Any CPU
		{BBC49393-B3E4-F365-F3B6-F4E8D64EC17E}.Debug|Any CPU.Build.0 = Debug|Any CPU
		{BBC49393-B3E4-F365-F3B6-F4E8D64EC17E}.Release|Any CPU.ActiveCfg = Release|Any CPU
		{BBC49393-B3E4-F365-F3B6-F4E8D64EC17E}.Release|Any CPU.Build.0 = Release|Any CPU
		{A305E4F8-CCBD-1088-1BA3-E02E86A40FF7}.Debug|Any CPU.ActiveCfg = Debug|Any CPU
		{A305E4F8-CCBD-1088-1BA3-E02E86A40FF7}.Debug|Any CPU.Build.0 = Debug|Any CPU
		{A305E4F8-CCBD-1088-1BA3-E02E86A40FF7}.Release|Any CPU.ActiveCfg = Release|Any CPU
		{A305E4F8-CCBD-1088-1BA3-E02E86A40FF7}.Release|Any CPU.Build.0 = Release|Any CPU
		{BA0CC30A-1D08-B6F6-CF56-AB4D0A029D29}.Debug|Any CPU.ActiveCfg = Debug|Any CPU
		{BA0CC30A-1D08-B6F6-CF56-AB4D0A029D29}.Debug|Any CPU.Build.0 = Debug|Any CPU
		{BA0CC30A-1D08-B6F6-CF56-AB4D0A029D29}.Release|Any CPU.ActiveCfg = Release|Any CPU
		{BA0CC30A-1D08-B6F6-CF56-AB4D0A029D29}.Release|Any CPU.Build.0 = Release|Any CPU
		{D6AE57BF-14C4-6F7D-C25D-1B7993E6031C}.Debug|Any CPU.ActiveCfg = Debug|Any CPU
		{D6AE57BF-14C4-6F7D-C25D-1B7993E6031C}.Debug|Any CPU.Build.0 = Debug|Any CPU
		{D6AE57BF-14C4-6F7D-C25D-1B7993E6031C}.Release|Any CPU.ActiveCfg = Release|Any CPU
		{D6AE57BF-14C4-6F7D-C25D-1B7993E6031C}.Release|Any CPU.Build.0 = Release|Any CPU
		{43328F5C-4B85-43A2-79F3-9DE189D16537}.Debug|Any CPU.ActiveCfg = Debug|Any CPU
		{43328F5C-4B85-43A2-79F3-9DE189D16537}.Debug|Any CPU.Build.0 = Debug|Any CPU
		{43328F5C-4B85-43A2-79F3-9DE189D16537}.Release|Any CPU.ActiveCfg = Release|Any CPU
		{43328F5C-4B85-43A2-79F3-9DE189D16537}.Release|Any CPU.Build.0 = Release|Any CPU
		{8D86EE6D-629D-9CD9-9E03-DB0C4DC44C84}.Debug|Any CPU.ActiveCfg = Debug|Any CPU
		{8D86EE6D-629D-9CD9-9E03-DB0C4DC44C84}.Debug|Any CPU.Build.0 = Debug|Any CPU
		{8D86EE6D-629D-9CD9-9E03-DB0C4DC44C84}.Release|Any CPU.ActiveCfg = Release|Any CPU
		{8D86EE6D-629D-9CD9-9E03-DB0C4DC44C84}.Release|Any CPU.Build.0 = Release|Any CPU
		{F70E3DF6-E650-95EB-A557-8D7A5784CE33}.Debug|Any CPU.ActiveCfg = Debug|Any CPU
		{F70E3DF6-E650-95EB-A557-8D7A5784CE33}.Debug|Any CPU.Build.0 = Debug|Any CPU
		{F70E3DF6-E650-95EB-A557-8D7A5784CE33}.Release|Any CPU.ActiveCfg = Release|Any CPU
		{F70E3DF6-E650-95EB-A557-8D7A5784CE33}.Release|Any CPU.Build.0 = Release|Any CPU
		{D430821E-D356-A490-9876-D161B8DA8B47}.Debug|Any CPU.ActiveCfg = Debug|Any CPU
		{D430821E-D356-A490-9876-D161B8DA8B47}.Debug|Any CPU.Build.0 = Debug|Any CPU
		{D430821E-D356-A490-9876-D161B8DA8B47}.Release|Any CPU.ActiveCfg = Release|Any CPU
		{D430821E-D356-A490-9876-D161B8DA8B47}.Release|Any CPU.Build.0 = Release|Any CPU
		{DB9C2A5F-D3B9-89C3-4A51-0303A7D13702}.Debug|Any CPU.ActiveCfg = Debug|Any CPU
		{DB9C2A5F-D3B9-89C3-4A51-0303A7D13702}.Debug|Any CPU.Build.0 = Debug|Any CPU
		{DB9C2A5F-D3B9-89C3-4A51-0303A7D13702}.Release|Any CPU.ActiveCfg = Release|Any CPU
		{DB9C2A5F-D3B9-89C3-4A51-0303A7D13702}.Release|Any CPU.Build.0 = Release|Any CPU
		{0DD2DD2C-B281-BD97-85D7-6707E9836828}.Debug|Any CPU.ActiveCfg = Debug|Any CPU
		{0DD2DD2C-B281-BD97-85D7-6707E9836828}.Debug|Any CPU.Build.0 = Debug|Any CPU
		{0DD2DD2C-B281-BD97-85D7-6707E9836828}.Release|Any CPU.ActiveCfg = Release|Any CPU
		{0DD2DD2C-B281-BD97-85D7-6707E9836828}.Release|Any CPU.Build.0 = Release|Any CPU
		{C20D391E-99FC-28FE-6371-1FB8C8C11295}.Debug|Any CPU.ActiveCfg = Debug|Any CPU
		{C20D391E-99FC-28FE-6371-1FB8C8C11295}.Debug|Any CPU.Build.0 = Debug|Any CPU
		{C20D391E-99FC-28FE-6371-1FB8C8C11295}.Release|Any CPU.ActiveCfg = Release|Any CPU
		{C20D391E-99FC-28FE-6371-1FB8C8C11295}.Release|Any CPU.Build.0 = Release|Any CPU
		{741E4608-5174-E095-51F9-6D63659A7E6D}.Debug|Any CPU.ActiveCfg = Debug|Any CPU
		{741E4608-5174-E095-51F9-6D63659A7E6D}.Debug|Any CPU.Build.0 = Debug|Any CPU
		{741E4608-5174-E095-51F9-6D63659A7E6D}.Release|Any CPU.ActiveCfg = Release|Any CPU
		{741E4608-5174-E095-51F9-6D63659A7E6D}.Release|Any CPU.Build.0 = Release|Any CPU
		{72422721-5997-6CFB-D6DE-FC95634E2356}.Debug|Any CPU.ActiveCfg = Debug|Any CPU
		{72422721-5997-6CFB-D6DE-FC95634E2356}.Debug|Any CPU.Build.0 = Debug|Any CPU
		{72422721-5997-6CFB-D6DE-FC95634E2356}.Release|Any CPU.ActiveCfg = Release|Any CPU
		{72422721-5997-6CFB-D6DE-FC95634E2356}.Release|Any CPU.Build.0 = Release|Any CPU
		{2DA5F3E1-E1C2-6366-977F-EAC6A3F92115}.Debug|Any CPU.ActiveCfg = Debug|Any CPU
		{2DA5F3E1-E1C2-6366-977F-EAC6A3F92115}.Debug|Any CPU.Build.0 = Debug|Any CPU
		{2DA5F3E1-E1C2-6366-977F-EAC6A3F92115}.Release|Any CPU.ActiveCfg = Release|Any CPU
		{2DA5F3E1-E1C2-6366-977F-EAC6A3F92115}.Release|Any CPU.Build.0 = Release|Any CPU
		{88430AF1-E28E-746A-F5A2-C1C7F310C1FD}.Debug|Any CPU.ActiveCfg = Debug|Any CPU
		{88430AF1-E28E-746A-F5A2-C1C7F310C1FD}.Debug|Any CPU.Build.0 = Debug|Any CPU
		{88430AF1-E28E-746A-F5A2-C1C7F310C1FD}.Release|Any CPU.ActiveCfg = Release|Any CPU
		{88430AF1-E28E-746A-F5A2-C1C7F310C1FD}.Release|Any CPU.Build.0 = Release|Any CPU
		{29783490-6FDE-C4AC-3022-51553DD54CD7}.Debug|Any CPU.ActiveCfg = Debug|Any CPU
		{29783490-6FDE-C4AC-3022-51553DD54CD7}.Debug|Any CPU.Build.0 = Debug|Any CPU
		{29783490-6FDE-C4AC-3022-51553DD54CD7}.Release|Any CPU.ActiveCfg = Release|Any CPU
		{29783490-6FDE-C4AC-3022-51553DD54CD7}.Release|Any CPU.Build.0 = Release|Any CPU
		{AA0F9511-4184-6E2E-88D7-5DF25F9C6DCA}.Debug|Any CPU.ActiveCfg = Debug|Any CPU
		{AA0F9511-4184-6E2E-88D7-5DF25F9C6DCA}.Debug|Any CPU.Build.0 = Debug|Any CPU
		{AA0F9511-4184-6E2E-88D7-5DF25F9C6DCA}.Release|Any CPU.ActiveCfg = Release|Any CPU
		{AA0F9511-4184-6E2E-88D7-5DF25F9C6DCA}.Release|Any CPU.Build.0 = Release|Any CPU
		{7E06CE27-1F41-77A8-E5F2-B2DF671907B0}.Debug|Any CPU.ActiveCfg = Debug|Any CPU
		{7E06CE27-1F41-77A8-E5F2-B2DF671907B0}.Debug|Any CPU.Build.0 = Debug|Any CPU
		{7E06CE27-1F41-77A8-E5F2-B2DF671907B0}.Release|Any CPU.ActiveCfg = Release|Any CPU
		{7E06CE27-1F41-77A8-E5F2-B2DF671907B0}.Release|Any CPU.Build.0 = Release|Any CPU
		{D1964E56-FA6F-6681-3E22-6E0CDA4452A6}.Debug|Any CPU.ActiveCfg = Debug|Any CPU
		{D1964E56-FA6F-6681-3E22-6E0CDA4452A6}.Debug|Any CPU.Build.0 = Debug|Any CPU
		{D1964E56-FA6F-6681-3E22-6E0CDA4452A6}.Release|Any CPU.ActiveCfg = Release|Any CPU
		{D1964E56-FA6F-6681-3E22-6E0CDA4452A6}.Release|Any CPU.Build.0 = Release|Any CPU
		{C7E833A7-5EA6-324E-4EFF-AACF264E7B2E}.Debug|Any CPU.ActiveCfg = Debug|Any CPU
		{C7E833A7-5EA6-324E-4EFF-AACF264E7B2E}.Debug|Any CPU.Build.0 = Debug|Any CPU
		{C7E833A7-5EA6-324E-4EFF-AACF264E7B2E}.Release|Any CPU.ActiveCfg = Release|Any CPU
		{C7E833A7-5EA6-324E-4EFF-AACF264E7B2E}.Release|Any CPU.Build.0 = Release|Any CPU
		{C13AA433-B0B0-9031-6BAA-C3838E54175E}.Debug|Any CPU.ActiveCfg = Debug|Any CPU
		{C13AA433-B0B0-9031-6BAA-C3838E54175E}.Debug|Any CPU.Build.0 = Debug|Any CPU
		{C13AA433-B0B0-9031-6BAA-C3838E54175E}.Release|Any CPU.ActiveCfg = Release|Any CPU
		{C13AA433-B0B0-9031-6BAA-C3838E54175E}.Release|Any CPU.Build.0 = Release|Any CPU
		{1C35AA51-1DDA-095C-CF8A-A4DC53C09662}.Debug|Any CPU.ActiveCfg = Debug|Any CPU
		{1C35AA51-1DDA-095C-CF8A-A4DC53C09662}.Debug|Any CPU.Build.0 = Debug|Any CPU
		{1C35AA51-1DDA-095C-CF8A-A4DC53C09662}.Release|Any CPU.ActiveCfg = Release|Any CPU
		{1C35AA51-1DDA-095C-CF8A-A4DC53C09662}.Release|Any CPU.Build.0 = Release|Any CPU
		{7D2DF8C0-082E-9CB5-F780-A8A2BA3CE234}.Debug|Any CPU.ActiveCfg = Debug|Any CPU
		{7D2DF8C0-082E-9CB5-F780-A8A2BA3CE234}.Debug|Any CPU.Build.0 = Debug|Any CPU
		{7D2DF8C0-082E-9CB5-F780-A8A2BA3CE234}.Release|Any CPU.ActiveCfg = Release|Any CPU
		{7D2DF8C0-082E-9CB5-F780-A8A2BA3CE234}.Release|Any CPU.Build.0 = Release|Any CPU
		{4177C6AE-CE16-3A9E-B9B0-E6DA85C5F90E}.Debug|Any CPU.ActiveCfg = Debug|Any CPU
		{4177C6AE-CE16-3A9E-B9B0-E6DA85C5F90E}.Debug|Any CPU.Build.0 = Debug|Any CPU
		{4177C6AE-CE16-3A9E-B9B0-E6DA85C5F90E}.Release|Any CPU.ActiveCfg = Release|Any CPU
		{4177C6AE-CE16-3A9E-B9B0-E6DA85C5F90E}.Release|Any CPU.Build.0 = Release|Any CPU
		{3AD413E6-9334-8452-7680-B20B129CEDC0}.Debug|Any CPU.ActiveCfg = Debug|Any CPU
		{3AD413E6-9334-8452-7680-B20B129CEDC0}.Debug|Any CPU.Build.0 = Debug|Any CPU
		{3AD413E6-9334-8452-7680-B20B129CEDC0}.Release|Any CPU.ActiveCfg = Release|Any CPU
		{3AD413E6-9334-8452-7680-B20B129CEDC0}.Release|Any CPU.Build.0 = Release|Any CPU
	EndGlobalSection
	GlobalSection(SolutionProperties) = preSolution
		HideSolutionNode = FALSE
	EndGlobalSection
EndGlobal
